
Microsoft Visual Studio Solution File, Format Version 12.00
# Visual Studio 2013
VisualStudioVersion = 12.0.21005.1
MinimumVisualStudioVersion = 10.0.40219.1
Project("{8BC9CEB8-8B4A-11D0-8D11-00A0C91BC942}") = "LLib", "LLib\LLib.vcxproj", "{BED0FDFB-CEB0-4706-B702-6A83B3036ABB}"
EndProject
Project("{8BC9CEB8-8B4A-11D0-8D11-00A0C91BC942}") = "UnitTest01", "UnitTest01\UnitTest01.vcxproj", "{4CBE0AC0-A9FD-4DD8-B3B9-443ED2FD3F9A}"
EndProject
Global
	GlobalSection(SolutionConfigurationPlatforms) = preSolution
		Debug|Win32 = Debug|Win32
		Release|Win32 = Release|Win32
	EndGlobalSection
	GlobalSection(ProjectConfigurationPlatforms) = postSolution
		{BED0FDFB-CEB0-4706-B702-6A83B3036ABB}.Debug|Win32.ActiveCfg = Debug|Win32
		{BED0FDFB-CEB0-4706-B702-6A83B3036ABB}.Debug|Win32.Build.0 = Debug|Win32
		{BED0FDFB-CEB0-4706-B702-6A83B3036ABB}.Release|Win32.ActiveCfg = Release|Win32
		{BED0FDFB-CEB0-4706-B702-6A83B3036ABB}.Release|Win32.Build.0 = Release|Win32
		{4CBE0AC0-A9FD-4DD8-B3B9-443ED2FD3F9A}.Debug|Win32.ActiveCfg = Debug|Win32
		{4CBE0AC0-A9FD-4DD8-B3B9-443ED2FD3F9A}.Debug|Win32.Build.0 = Debug|Win32
		{4CBE0AC0-A9FD-4DD8-B3B9-443ED2FD3F9A}.Release|Win32.ActiveCfg = Release|Win32
		{4CBE0AC0-A9FD-4DD8-B3B9-443ED2FD3F9A}.Release|Win32.Build.0 = Release|Win32
	EndGlobalSection
	GlobalSection(SolutionProperties) = preSolution
		HideSolutionNode = FALSE
	EndGlobalSection
EndGlobal
